
Microsoft Visual Studio Solution File, Format Version 12.00
# Visual Studio Version 17
VisualStudioVersion = 17.1.32319.34
MinimumVisualStudioVersion = 10.0.40219.1
Project("{FAE04EC0-301F-11D3-BF4B-00C04F79EFBC}") = "PickupTimeExample", "PickupTimeExample\PickupTimeExample.csproj", "{415AB3EB-9B8C-4904-90D4-87C5B828CB7D}"
EndProject
Global
	GlobalSection(SolutionConfigurationPlatforms) = preSolution
		Debug|Any CPU = Debug|Any CPU
		Release|Any CPU = Release|Any CPU
	EndGlobalSection
	GlobalSection(ProjectConfigurationPlatforms) = postSolution
		{415AB3EB-9B8C-4904-90D4-87C5B828CB7D}.Debug|Any CPU.ActiveCfg = Debug|Any CPU
		{415AB3EB-9B8C-4904-90D4-87C5B828CB7D}.Debug|Any CPU.Build.0 = Debug|Any CPU
		{415AB3EB-9B8C-4904-90D4-87C5B828CB7D}.Release|Any CPU.ActiveCfg = Release|Any CPU
		{415AB3EB-9B8C-4904-90D4-87C5B828CB7D}.Release|Any CPU.Build.0 = Release|Any CPU
	EndGlobalSection
	GlobalSection(SolutionProperties) = preSolution
		HideSolutionNode = FALSE
	EndGlobalSection
	GlobalSection(ExtensibilityGlobals) = postSolution
		SolutionGuid = {6AB03714-0980-463E-9109-74FDE29ABA45}
	EndGlobalSection
EndGlobal
